<?xml version="1.0" encoding="utf-8"?>
<Project ToolsVersion="4.0" xmlns="http://schemas.microsoft.com/developer/msbuild/2003">
  <ItemGroup>
    <Filter Include="源文件">
      <UniqueIdentifier>{4FC737F1-C7A5-4376-A066-2A32D752A2FF}</UniqueIdentifier>
      <Extensions>cpp;c;cc;cxx;def;odl;idl;hpj;bat;asm;asmx</Extensions>
    </Filter>
    <Filter Include="头文件">
      <UniqueIdentifier>{93995380-89BD-4b04-88EB-625FBE52EBFB}</UniqueIdentifier>
      <Extensions>h;hh;hpp;hxx;hm;inl;inc;xsd</Extensions>
    </Filter>
    <Filter Include="资源文件">
      <UniqueIdentifier>{67DA6AB6-F800-4c08-8B7A-83BB121AAD01}</UniqueIdentifier>
      <Extensions>rc;ico;cur;bmp;dlg;rc2;rct;bin;rgs;gif;jpg;jpeg;jpe;resx;tiff;tif;png;wav;mfcribbon-ms</Extensions>
    </Filter>
    <Filter Include="Common">
      <UniqueIdentifier>{00348acd-a5e4-41bc-8c6a-bfd10ab4e48b}</UniqueIdentifier>
    </Filter>
    <Filter Include="player">
      <UniqueIdentifier>{3776abb7-037b-49ca-8aff-39fee0cfeb21}</UniqueIdentifier>
    </Filter>
  </ItemGroup>
  <ItemGroup>
    <Text Include="ReadMe.txt" />
  </ItemGroup>
  <ItemGroup>
    <ClInclude Include="targetver.h">
      <Filter>头文件</Filter>
    </ClInclude>
    <ClInclude Include="GuidHelper.h">
      <Filter>Common</Filter>
    </ClInclude>
    <ClInclude Include="FFMpegHeader.h">
      <Filter>Common</Filter>
    </ClInclude>
    <ClInclude Include="mongoose.h">
      <Filter>Common</Filter>
    </ClInclude>
    <ClInclude Include="Filter.h">
      <Filter>源文件</Filter>
    </ClInclude>
    <ClInclude Include="RTSP.h">
      <Filter>源文件</Filter>
    </ClInclude>
    <ClInclude Include="TSSegment.h">
      <Filter>源文件</Filter>
    </ClInclude>
    <ClInclude Include="PacketWrapper.h">
      <Filter>源文件</Filter>
    </ClInclude>
    <ClInclude Include="Util.h">
      <Filter>Common</Filter>
    </ClInclude>
    <ClInclude Include="Client.h">
      <Filter>源文件</Filter>
    </ClInclude>
    <ClInclude Include="ClientManage.h">
      <Filter>源文件</Filter>
    </ClInclude>
    <ClInclude Include="Camera.h">
      <Filter>源文件</Filter>
    </ClInclude>
    <ClInclude Include="ICamera.h">
      <Filter>源文件</Filter>
    </ClInclude>
    <ClInclude Include="stdafx.h">
      <Filter>头文件</Filter>
    </ClInclude>
  </ItemGroup>
  <ItemGroup>
    <ClCompile Include="HLS.cpp">
      <Filter>源文件</Filter>
    </ClCompile>
    <ClCompile Include="GuidHelper.cpp">
      <Filter>Common</Filter>
    </ClCompile>
    <ClCompile Include="mongoose.cpp">
      <Filter>Common</Filter>
    </ClCompile>
  </ItemGroup>
  <ItemGroup>
    <None Include="player\hls.min.js">
      <Filter>player</Filter>
    </None>
    <None Include="player\index.html">
      <Filter>player</Filter>
    </None>
    <None Include="player\jquery-3.1.1.min.js">
      <Filter>player</Filter>
    </None>
  </ItemGroup>
</Project>